
Microsoft Visual Studio Solution File, Format Version 12.00
# Visual Studio Version 16
VisualStudioVersion = 16.0.30907.101
MinimumVisualStudioVersion = 10.0.40219.1
Project("{FAE04EC0-301F-11D3-BF4B-00C04F79EFBC}") = "CalcularNota", "CalcularNota\CalcularNota.csproj", "{18405AB7-7116-4F3E-AC73-1E3A8F235268}"
EndProject
Global
	GlobalSection(SolutionConfigurationPlatforms) = preSolution
		Debug|Any CPU = Debug|Any CPU
		Release|Any CPU = Release|Any CPU
	EndGlobalSection
	GlobalSection(ProjectConfigurationPlatforms) = postSolution
		{18405AB7-7116-4F3E-AC73-1E3A8F235268}.Debug|Any CPU.ActiveCfg = Debug|Any CPU
		{18405AB7-7116-4F3E-AC73-1E3A8F235268}.Debug|Any CPU.Build.0 = Debug|Any CPU
		{18405AB7-7116-4F3E-AC73-1E3A8F235268}.Release|Any CPU.ActiveCfg = Release|Any CPU
		{18405AB7-7116-4F3E-AC73-1E3A8F235268}.Release|Any CPU.Build.0 = Release|Any CPU
	EndGlobalSection
	GlobalSection(SolutionProperties) = preSolution
		HideSolutionNode = FALSE
	EndGlobalSection
	GlobalSection(ExtensibilityGlobals) = postSolution
		SolutionGuid = {D205A7DE-C112-4868-BA61-8D2A72AD281C}
	EndGlobalSection
EndGlobal
